
Microsoft Visual Studio Solution File, Format Version 12.00
# Visual Studio Version 17
VisualStudioVersion = 17.3.32901.215
MinimumVisualStudioVersion = 10.0.40219.1
Project("{FAE04EC0-301F-11D3-BF4B-00C04F79EFBC}") = "BulkyBookWeb", "BulkyBookWeb\BulkyBookWeb.csproj", "{B5CBC81C-5F76-4641-9245-EFCD64FE8BB8}"
EndProject
Global
	GlobalSection(SolutionConfigurationPlatforms) = preSolution
		Debug|Any CPU = Debug|Any CPU
		Release|Any CPU = Release|Any CPU
	EndGlobalSection
	GlobalSection(ProjectConfigurationPlatforms) = postSolution
		{B5CBC81C-5F76-4641-9245-EFCD64FE8BB8}.Debug|Any CPU.ActiveCfg = Debug|Any CPU
		{B5CBC81C-5F76-4641-9245-EFCD64FE8BB8}.Debug|Any CPU.Build.0 = Debug|Any CPU
		{B5CBC81C-5F76-4641-9245-EFCD64FE8BB8}.Release|Any CPU.ActiveCfg = Release|Any CPU
		{B5CBC81C-5F76-4641-9245-EFCD64FE8BB8}.Release|Any CPU.Build.0 = Release|Any CPU
	EndGlobalSection
	GlobalSection(SolutionProperties) = preSolution
		HideSolutionNode = FALSE
	EndGlobalSection
	GlobalSection(ExtensibilityGlobals) = postSolution
		SolutionGuid = {E41398E4-09B9-495E-886C-3197670FC718}
	EndGlobalSection
EndGlobal
